
Microsoft Visual Studio Solution File, Format Version 12.00
# Visual Studio Version 17
VisualStudioVersion = 17.8.34330.188
MinimumVisualStudioVersion = 10.0.40219.1
Project("{2150E333-8FDC-42A3-9474-1A3956D46DE8}") = "Core", "Core", "{D29778ED-CC2C-48CC-A9CC-709A23EE5FF7}"
EndProject
Project("{2150E333-8FDC-42A3-9474-1A3956D46DE8}") = "Services", "Services", "{482A3FF7-41A9-47C6-A916-BB7FC8D15143}"
EndProject
Project("{9A19103F-16F7-4668-BE54-9A1E7A4F7556}") = "TicketMapper.WebApi", "TicketMapper.WebApi\TicketMapper.WebApi.csproj", "{A226387A-D8A6-488F-AAEB-87549E288B5C}"
EndProject
Project("{9A19103F-16F7-4668-BE54-9A1E7A4F7556}") = "TicketMapper.Application", "TicketMapper.Application\TicketMapper.Application.csproj", "{AA6F6696-58C9-4E46-BDD0-BB75E1A28740}"
EndProject
Project("{9A19103F-16F7-4668-BE54-9A1E7A4F7556}") = "TicketMapper.Domain", "TicketMapper.Domain\TicketMapper.Domain.csproj", "{B3B633E4-64AC-4F0B-8D50-E24052230174}"
EndProject
Project("{2150E333-8FDC-42A3-9474-1A3956D46DE8}") = "Tests", "Tests", "{13265C76-3F83-4BCE-8192-C7DEC447347A}"
EndProject
Project("{9A19103F-16F7-4668-BE54-9A1E7A4F7556}") = "TicketMapper.Test.Domain", "TicketMapper.Test.Domain\TicketMapper.Test.Domain.csproj", "{FA496E7E-A2E2-49F0-B26A-270D055FF99D}"
EndProject
Project("{9A19103F-16F7-4668-BE54-9A1E7A4F7556}") = "TicketMapper.Test.Application", "TicketMapper.Test.Application\TicketMapper.Test.Application.csproj", "{1CD43431-BC76-45DC-9705-EB5907C90C2F}"
EndProject
Project("{9A19103F-16F7-4668-BE54-9A1E7A4F7556}") = "TicketMapper.Test.WebApi", "TicketMapper.Test.WebApi\TicketMapper.Test.WebApi.csproj", "{63058B25-4B50-4255-8670-D0208911594C}"
EndProject
Project("{2150E333-8FDC-42A3-9474-1A3956D46DE8}") = "Infrastructure", "Infrastructure", "{A957E140-91DF-47DD-ABBD-68F0E375FFF6}"
EndProject
Project("{9A19103F-16F7-4668-BE54-9A1E7A4F7556}") = "TicketMapper.Infrastructure.Document", "TicketMapper.Infrastructure.Document\TicketMapper.Infrastructure.Document.csproj", "{E4CBB438-FCC3-4C6C-8510-CE8D9DA6D4B0}"
EndProject
Global
	GlobalSection(SolutionConfigurationPlatforms) = preSolution
		Debug|Any CPU = Debug|Any CPU
		Release|Any CPU = Release|Any CPU
	EndGlobalSection
	GlobalSection(ProjectConfigurationPlatforms) = postSolution
		{A226387A-D8A6-488F-AAEB-87549E288B5C}.Debug|Any CPU.ActiveCfg = Debug|Any CPU
		{A226387A-D8A6-488F-AAEB-87549E288B5C}.Debug|Any CPU.Build.0 = Debug|Any CPU
		{A226387A-D8A6-488F-AAEB-87549E288B5C}.Release|Any CPU.ActiveCfg = Release|Any CPU
		{A226387A-D8A6-488F-AAEB-87549E288B5C}.Release|Any CPU.Build.0 = Release|Any CPU
		{AA6F6696-58C9-4E46-BDD0-BB75E1A28740}.Debug|Any CPU.ActiveCfg = Debug|Any CPU
		{AA6F6696-58C9-4E46-BDD0-BB75E1A28740}.Debug|Any CPU.Build.0 = Debug|Any CPU
		{AA6F6696-58C9-4E46-BDD0-BB75E1A28740}.Release|Any CPU.ActiveCfg = Release|Any CPU
		{AA6F6696-58C9-4E46-BDD0-BB75E1A28740}.Release|Any CPU.Build.0 = Release|Any CPU
		{B3B633E4-64AC-4F0B-8D50-E24052230174}.Debug|Any CPU.ActiveCfg = Debug|Any CPU
		{B3B633E4-64AC-4F0B-8D50-E24052230174}.Debug|Any CPU.Build.0 = Debug|Any CPU
		{B3B633E4-64AC-4F0B-8D50-E24052230174}.Release|Any CPU.ActiveCfg = Release|Any CPU
		{B3B633E4-64AC-4F0B-8D50-E24052230174}.Release|Any CPU.Build.0 = Release|Any CPU
		{FA496E7E-A2E2-49F0-B26A-270D055FF99D}.Debug|Any CPU.ActiveCfg = Debug|Any CPU
		{FA496E7E-A2E2-49F0-B26A-270D055FF99D}.Debug|Any CPU.Build.0 = Debug|Any CPU
		{FA496E7E-A2E2-49F0-B26A-270D055FF99D}.Release|Any CPU.ActiveCfg = Release|Any CPU
		{FA496E7E-A2E2-49F0-B26A-270D055FF99D}.Release|Any CPU.Build.0 = Release|Any CPU
		{1CD43431-BC76-45DC-9705-EB5907C90C2F}.Debug|Any CPU.ActiveCfg = Debug|Any CPU
		{1CD43431-BC76-45DC-9705-EB5907C90C2F}.Debug|Any CPU.Build.0 = Debug|Any CPU
		{1CD43431-BC76-45DC-9705-EB5907C90C2F}.Release|Any CPU.ActiveCfg = Release|Any CPU
		{1CD43431-BC76-45DC-9705-EB5907C90C2F}.Release|Any CPU.Build.0 = Release|Any CPU
		{63058B25-4B50-4255-8670-D0208911594C}.Debug|Any CPU.ActiveCfg = Debug|Any CPU
		{63058B25-4B50-4255-8670-D0208911594C}.Debug|Any CPU.Build.0 = Debug|Any CPU
		{63058B25-4B50-4255-8670-D0208911594C}.Release|Any CPU.ActiveCfg = Release|Any CPU
		{63058B25-4B50-4255-8670-D0208911594C}.Release|Any CPU.Build.0 = Release|Any CPU
		{E4CBB438-FCC3-4C6C-8510-CE8D9DA6D4B0}.Debug|Any CPU.ActiveCfg = Debug|Any CPU
		{E4CBB438-FCC3-4C6C-8510-CE8D9DA6D4B0}.Debug|Any CPU.Build.0 = Debug|Any CPU
		{E4CBB438-FCC3-4C6C-8510-CE8D9DA6D4B0}.Release|Any CPU.ActiveCfg = Release|Any CPU
		{E4CBB438-FCC3-4C6C-8510-CE8D9DA6D4B0}.Release|Any CPU.Build.0 = Release|Any CPU
	EndGlobalSection
	GlobalSection(SolutionProperties) = preSolution
		HideSolutionNode = FALSE
	EndGlobalSection
	GlobalSection(NestedProjects) = preSolution
		{A226387A-D8A6-488F-AAEB-87549E288B5C} = {482A3FF7-41A9-47C6-A916-BB7FC8D15143}
		{AA6F6696-58C9-4E46-BDD0-BB75E1A28740} = {D29778ED-CC2C-48CC-A9CC-709A23EE5FF7}
		{B3B633E4-64AC-4F0B-8D50-E24052230174} = {D29778ED-CC2C-48CC-A9CC-709A23EE5FF7}
		{FA496E7E-A2E2-49F0-B26A-270D055FF99D} = {13265C76-3F83-4BCE-8192-C7DEC447347A}
		{1CD43431-BC76-45DC-9705-EB5907C90C2F} = {13265C76-3F83-4BCE-8192-C7DEC447347A}
		{63058B25-4B50-4255-8670-D0208911594C} = {13265C76-3F83-4BCE-8192-C7DEC447347A}
		{E4CBB438-FCC3-4C6C-8510-CE8D9DA6D4B0} = {A957E140-91DF-47DD-ABBD-68F0E375FFF6}
	EndGlobalSection
	GlobalSection(ExtensibilityGlobals) = postSolution
		SolutionGuid = {FF6B17A8-D5F2-4469-986F-A4C5C3494CD3}
	EndGlobalSection
EndGlobal
